
Microsoft Visual Studio Solution File, Format Version 12.00
# Visual Studio Version 16
VisualStudioVersion = 16.0.28803.540
MinimumVisualStudioVersion = 10.0.40219.1
Project("{FAE04EC0-301F-11D3-BF4B-00C04F79EFBC}") = "Pokedex", "Pokedex.csproj", "{8263BE7C-F869-47AF-977E-641DC9F33C7A}"
EndProject
Global
	GlobalSection(SolutionConfigurationPlatforms) = preSolution
		Debug|Any CPU = Debug|Any CPU
		Release|Any CPU = Release|Any CPU
	EndGlobalSection
	GlobalSection(ProjectConfigurationPlatforms) = postSolution
		{8263BE7C-F869-47AF-977E-641DC9F33C7A}.Debug|Any CPU.ActiveCfg = Debug|Any CPU
		{8263BE7C-F869-47AF-977E-641DC9F33C7A}.Debug|Any CPU.Build.0 = Debug|Any CPU
		{8263BE7C-F869-47AF-977E-641DC9F33C7A}.Release|Any CPU.ActiveCfg = Release|Any CPU
		{8263BE7C-F869-47AF-977E-641DC9F33C7A}.Release|Any CPU.Build.0 = Release|Any CPU
	EndGlobalSection
	GlobalSection(SolutionProperties) = preSolution
		HideSolutionNode = FALSE
	EndGlobalSection
	GlobalSection(ExtensibilityGlobals) = postSolution
		SolutionGuid = {E450F782-9EC8-4362-A0BA-9145D54F06EA}
	EndGlobalSection
EndGlobal
